
Microsoft Visual Studio Solution File, Format Version 10.00
# Visual Studio 2008
Project("{E24C65DC-7377-472B-9ABA-BC803B73C61A}") = "pdfreport", "..\pdfreport\", "{7F5E35F6-79A9-48D7-A919-04B6AFE07CD1}"
	ProjectSection(WebsiteProperties) = preProject
		TargetFramework = "3.5"
		Debug.AspNetCompiler.VirtualPath = "/pdfreport"
		Debug.AspNetCompiler.PhysicalPath = "..\pdfreport\"
		Debug.AspNetCompiler.TargetPath = "PrecompiledWeb\pdfreport\"
		Debug.AspNetCompiler.Updateable = "true"
		Debug.AspNetCompiler.ForceOverwrite = "true"
		Debug.AspNetCompiler.FixedNames = "false"
		Debug.AspNetCompiler.Debug = "True"
		Release.AspNetCompiler.VirtualPath = "/pdfreport"
		Release.AspNetCompiler.PhysicalPath = "..\pdfreport\"
		Release.AspNetCompiler.TargetPath = "PrecompiledWeb\pdfreport\"
		Release.AspNetCompiler.Updateable = "true"
		Release.AspNetCompiler.ForceOverwrite = "true"
		Release.AspNetCompiler.FixedNames = "false"
		Release.AspNetCompiler.Debug = "False"
		VWDPort = "55249"
	EndProjectSection
EndProject
Global
	GlobalSection(SolutionConfigurationPlatforms) = preSolution
		Debug|.NET = Debug|.NET
	EndGlobalSection
	GlobalSection(ProjectConfigurationPlatforms) = postSolution
		{7F5E35F6-79A9-48D7-A919-04B6AFE07CD1}.Debug|.NET.ActiveCfg = Debug|.NET
		{7F5E35F6-79A9-48D7-A919-04B6AFE07CD1}.Debug|.NET.Build.0 = Debug|.NET
	EndGlobalSection
	GlobalSection(SolutionProperties) = preSolution
		HideSolutionNode = FALSE
	EndGlobalSection
EndGlobal
